
Microsoft Visual Studio Solution File, Format Version 12.00
# Visual Studio Version 17
VisualStudioVersion = 17.14.36915.13 d17.14
MinimumVisualStudioVersion = 10.0.40219.1
Project("{FAE04EC0-301F-11D3-BF4B-00C04F79EFBC}") = "SeleniumPractice", "SeleniumPractice\SeleniumPractice.csproj", "{C1DB2F2B-77EA-4F9A-A305-A146AF8C958A}"
EndProject
Global
	GlobalSection(SolutionConfigurationPlatforms) = preSolution
		Debug|Any CPU = Debug|Any CPU
		Release|Any CPU = Release|Any CPU
	EndGlobalSection
	GlobalSection(ProjectConfigurationPlatforms) = postSolution
		{C1DB2F2B-77EA-4F9A-A305-A146AF8C958A}.Debug|Any CPU.ActiveCfg = Debug|Any CPU
		{C1DB2F2B-77EA-4F9A-A305-A146AF8C958A}.Debug|Any CPU.Build.0 = Debug|Any CPU
		{C1DB2F2B-77EA-4F9A-A305-A146AF8C958A}.Release|Any CPU.ActiveCfg = Release|Any CPU
		{C1DB2F2B-77EA-4F9A-A305-A146AF8C958A}.Release|Any CPU.Build.0 = Release|Any CPU
	EndGlobalSection
	GlobalSection(SolutionProperties) = preSolution
		HideSolutionNode = FALSE
	EndGlobalSection
	GlobalSection(ExtensibilityGlobals) = postSolution
		SolutionGuid = {7AAAEA18-0607-492A-ABB3-2705031D6136}
	EndGlobalSection
EndGlobal
